# This file is automatically @generated by Cargo.
# It is not intended for manual editing.
version = 4

[[package]]
name = "gg_editor"
version = "0.1.0"
dependencies = [
 "gg_engine",
]

[[package]]
name = "gg_engine"
version = "0.1.0"

[[package]]
name = "gg_sandbox"
version = "0.1.0"
dependencies = [
 "gg_engine",
]
